// !$*UTF8*$!
{
	archiveVersion = 1;
	classes = {
	};
	objectVersion = 46;
	objects = {

/* Begin PBXBuildFile section */
		463B0D841AE7F03300E0E335 /* AppDelegate.swift in Sources */ = {isa = PBXBuildFile; fileRef = 463B0D831AE7F03300E0E335 /* AppDelegate.swift */; };
		463B0D8D1AE7F03300E0E335 /* Main.storyboard in Resources */ = {isa = PBXBuildFile; fileRef = 463B0D8B1AE7F03300E0E335 /* Main.storyboard */; };
		463B0D8F1AE7F03300E0E335 /* Images.xcassets in Resources */ = {isa = PBXBuildFile; fileRef = 463B0D8E1AE7F03300E0E335 /* Images.xcassets */; };
		463B0D921AE7F03300E0E335 /* LaunchScreen.xib in Resources */ = {isa = PBXBuildFile; fileRef = 463B0D901AE7F03300E0E335 /* LaunchScreen.xib */; };
		463B0D9E1AE7F03300E0E335 /* VGenTests.swift in Sources */ = {isa = PBXBuildFile; fileRef = 463B0D9D1AE7F03300E0E335 /* VGenTests.swift */; };
		46B4351D1AE82D820084FB3C /* Voronoi.h in Headers */ = {isa = PBXBuildFile; fileRef = 46B4351C1AE82D820084FB3C /* Voronoi.h */; settings = {ATTRIBUTES = (Public, ); }; };
		46B435231AE82D820084FB3C /* Voronoi.framework in Frameworks */ = {isa = PBXBuildFile; fileRef = 46B435181AE82D820084FB3C /* Voronoi.framework */; };
		46B4352C1AE82D820084FB3C /* VoronoiTests.swift in Sources */ = {isa = PBXBuildFile; fileRef = 46B4352B1AE82D820084FB3C /* VoronoiTests.swift */; };
		46B4352F1AE82D820084FB3C /* Voronoi.framework in Frameworks */ = {isa = PBXBuildFile; fileRef = 46B435181AE82D820084FB3C /* Voronoi.framework */; };
		46B435301AE82D820084FB3C /* Voronoi.framework in Embed Frameworks */ = {isa = PBXBuildFile; fileRef = 46B435181AE82D820084FB3C /* Voronoi.framework */; settings = {ATTRIBUTES = (CodeSignOnCopy, RemoveHeadersOnCopy, ); }; };
		46B4353D1AE82D9F0084FB3C /* Edge.swift in Sources */ = {isa = PBXBuildFile; fileRef = 46B435371AE82D9F0084FB3C /* Edge.swift */; };
		46B4353E1AE82D9F0084FB3C /* Event.swift in Sources */ = {isa = PBXBuildFile; fileRef = 46B435381AE82D9F0084FB3C /* Event.swift */; };
		46B4353F1AE82D9F0084FB3C /* Parabola.swift in Sources */ = {isa = PBXBuildFile; fileRef = 46B435391AE82D9F0084FB3C /* Parabola.swift */; };
		46B435401AE82D9F0084FB3C /* Point.swift in Sources */ = {isa = PBXBuildFile; fileRef = 46B4353A1AE82D9F0084FB3C /* Point.swift */; };
		46B435411AE82D9F0084FB3C /* PriorityQueue.swift in Sources */ = {isa = PBXBuildFile; fileRef = 46B4353B1AE82D9F0084FB3C /* PriorityQueue.swift */; };
		46B435421AE82D9F0084FB3C /* Voronoi.swift in Sources */ = {isa = PBXBuildFile; fileRef = 46B4353C1AE82D9F0084FB3C /* Voronoi.swift */; };
		46B522251AE8385400DD136B /* VoronoiViewController.swift in Sources */ = {isa = PBXBuildFile; fileRef = 46B522241AE8385400DD136B /* VoronoiViewController.swift */; };
		46B522271AE838A600DD136B /* VoronoiView.swift in Sources */ = {isa = PBXBuildFile; fileRef = 46B522261AE838A600DD136B /* VoronoiView.swift */; };
		46B522291AE83D9600DD136B /* PointView.swift in Sources */ = {isa = PBXBuildFile; fileRef = 46B522281AE83D9600DD136B /* PointView.swift */; };
		46B5222B1AE8411300DD136B /* EdgeView.swift in Sources */ = {isa = PBXBuildFile; fileRef = 46B5222A1AE8411300DD136B /* EdgeView.swift */; };
/* End PBXBuildFile section */

/* Begin PBXContainerItemProxy section */
		463B0D981AE7F03300E0E335 /* PBXContainerItemProxy */ = {
			isa = PBXContainerItemProxy;
			containerPortal = 463B0D761AE7F03300E0E335 /* Project object */;
			proxyType = 1;
			remoteGlobalIDString = 463B0D7D1AE7F03300E0E335;
			remoteInfo = VGen;
		};
		46B435241AE82D820084FB3C /* PBXContainerItemProxy */ = {
			isa = PBXContainerItemProxy;
			containerPortal = 463B0D761AE7F03300E0E335 /* Project object */;
			proxyType = 1;
			remoteGlobalIDString = 46B435171AE82D820084FB3C;
			remoteInfo = Voronoi;
		};
		46B435261AE82D820084FB3C /* PBXContainerItemProxy */ = {
			isa = PBXContainerItemProxy;
			containerPortal = 463B0D761AE7F03300E0E335 /* Project object */;
			proxyType = 1;
			remoteGlobalIDString = 463B0D7D1AE7F03300E0E335;
			remoteInfo = VGen;
		};
		46B4352D1AE82D820084FB3C /* PBXContainerItemProxy */ = {
			isa = PBXContainerItemProxy;
			containerPortal = 463B0D761AE7F03300E0E335 /* Project object */;
			proxyType = 1;
			remoteGlobalIDString = 46B435171AE82D820084FB3C;
			remoteInfo = Voronoi;
		};
/* End PBXContainerItemProxy section */

/* Begin PBXCopyFilesBuildPhase section */
		463B0DC81AE7F03E00E0E335 /* Embed Frameworks */ = {
			isa = PBXCopyFilesBuildPhase;
			buildActionMask = 2147483647;
			dstPath = "";
			dstSubfolderSpec = 10;
			files = (
				46B435301AE82D820084FB3C /* Voronoi.framework in Embed Frameworks */,
			);
			name = "Embed Frameworks";
			runOnlyForDeploymentPostprocessing = 0;
		};
/* End PBXCopyFilesBuildPhase section */

/* Begin PBXFileReference section */
		463B0D7E1AE7F03300E0E335 /* VGen.app */ = {isa = PBXFileReference; explicitFileType = wrapper.application; includeInIndex = 0; path = VGen.app; sourceTree = BUILT_PRODUCTS_DIR; };
		463B0D821AE7F03300E0E335 /* Info.plist */ = {isa = PBXFileReference; lastKnownFileType = text.plist.xml; path = Info.plist; sourceTree = "<group>"; };
		463B0D831AE7F03300E0E335 /* AppDelegate.swift */ = {isa = PBXFileReference; lastKnownFileType = sourcecode.swift; path = AppDelegate.swift; sourceTree = "<group>"; };
		463B0D8C1AE7F03300E0E335 /* Base */ = {isa = PBXFileReference; lastKnownFileType = file.storyboard; name = Base; path = Base.lproj/Main.storyboard; sourceTree = "<group>"; };
		463B0D8E1AE7F03300E0E335 /* Images.xcassets */ = {isa = PBXFileReference; lastKnownFileType = folder.assetcatalog; path = Images.xcassets; sourceTree = "<group>"; };
		463B0D911AE7F03300E0E335 /* Base */ = {isa = PBXFileReference; lastKnownFileType = file.xib; name = Base; path = Base.lproj/LaunchScreen.xib; sourceTree = "<group>"; };
		463B0D971AE7F03300E0E335 /* VGenTests.xctest */ = {isa = PBXFileReference; explicitFileType = wrapper.cfbundle; includeInIndex = 0; path = VGenTests.xctest; sourceTree = BUILT_PRODUCTS_DIR; };
		463B0D9C1AE7F03300E0E335 /* Info.plist */ = {isa = PBXFileReference; lastKnownFileType = text.plist.xml; path = Info.plist; sourceTree = "<group>"; };
		463B0D9D1AE7F03300E0E335 /* VGenTests.swift */ = {isa = PBXFileReference; lastKnownFileType = sourcecode.swift; path = VGenTests.swift; sourceTree = "<group>"; };
		46B435181AE82D820084FB3C /* Voronoi.framework */ = {isa = PBXFileReference; explicitFileType = wrapper.framework; includeInIndex = 0; path = Voronoi.framework; sourceTree = BUILT_PRODUCTS_DIR; };
		46B4351B1AE82D820084FB3C /* Info.plist */ = {isa = PBXFileReference; lastKnownFileType = text.plist.xml; path = Info.plist; sourceTree = "<group>"; };
		46B4351C1AE82D820084FB3C /* Voronoi.h */ = {isa = PBXFileReference; lastKnownFileType = sourcecode.c.h; path = Voronoi.h; sourceTree = "<group>"; };
		46B435221AE82D820084FB3C /* VoronoiTests.xctest */ = {isa = PBXFileReference; explicitFileType = wrapper.cfbundle; includeInIndex = 0; path = VoronoiTests.xctest; sourceTree = BUILT_PRODUCTS_DIR; };
		46B4352A1AE82D820084FB3C /* Info.plist */ = {isa = PBXFileReference; lastKnownFileType = text.plist.xml; path = Info.plist; sourceTree = "<group>"; };
		46B4352B1AE82D820084FB3C /* VoronoiTests.swift */ = {isa = PBXFileReference; lastKnownFileType = sourcecode.swift; path = VoronoiTests.swift; sourceTree = "<group>"; };
		46B435371AE82D9F0084FB3C /* Edge.swift */ = {isa = PBXFileReference; fileEncoding = 4; lastKnownFileType = sourcecode.swift; path = Edge.swift; sourceTree = "<group>"; };
		46B435381AE82D9F0084FB3C /* Event.swift */ = {isa = PBXFileReference; fileEncoding = 4; lastKnownFileType = sourcecode.swift; path = Event.swift; sourceTree = "<group>"; };
		46B435391AE82D9F0084FB3C /* Parabola.swift */ = {isa = PBXFileReference; fileEncoding = 4; lastKnownFileType = sourcecode.swift; path = Parabola.swift; sourceTree = "<group>"; };
		46B4353A1AE82D9F0084FB3C /* Point.swift */ = {isa = PBXFileReference; fileEncoding = 4; lastKnownFileType = sourcecode.swift; path = Point.swift; sourceTree = "<group>"; };
		46B4353B1AE82D9F0084FB3C /* PriorityQueue.swift */ = {isa = PBXFileReference; fileEncoding = 4; lastKnownFileType = sourcecode.swift; path = PriorityQueue.swift; sourceTree = "<group>"; };
		46B4353C1AE82D9F0084FB3C /* Voronoi.swift */ = {isa = PBXFileReference; fileEncoding = 4; lastKnownFileType = sourcecode.swift; path = Voronoi.swift; sourceTree = "<group>"; };
		46B522241AE8385400DD136B /* VoronoiViewController.swift */ = {isa = PBXFileReference; fileEncoding = 4; lastKnownFileType = sourcecode.swift; path = VoronoiViewController.swift; sourceTree = "<group>"; };
		46B522261AE838A600DD136B /* VoronoiView.swift */ = {isa = PBXFileReference; fileEncoding = 4; lastKnownFileType = sourcecode.swift; path = VoronoiView.swift; sourceTree = "<group>"; };
		46B522281AE83D9600DD136B /* PointView.swift */ = {isa = PBXFileReference; fileEncoding = 4; lastKnownFileType = sourcecode.swift; path = PointView.swift; sourceTree = "<group>"; };
		46B5222A1AE8411300DD136B /* EdgeView.swift */ = {isa = PBXFileReference; fileEncoding = 4; lastKnownFileType = sourcecode.swift; path = EdgeView.swift; sourceTree = "<group>"; };
/* End PBXFileReference section */

/* Begin PBXFrameworksBuildPhase section */
		463B0D7B1AE7F03300E0E335 /* Frameworks */ = {
			isa = PBXFrameworksBuildPhase;
			buildActionMask = 2147483647;
			files = (
				46B4352F1AE82D820084FB3C /* Voronoi.framework in Frameworks */,
			);
			runOnlyForDeploymentPostprocessing = 0;
		};
		463B0D941AE7F03300E0E335 /* Frameworks */ = {
			isa = PBXFrameworksBuildPhase;
			buildActionMask = 2147483647;
			files = (
			);
			runOnlyForDeploymentPostprocessing = 0;
		};
		46B435141AE82D820084FB3C /* Frameworks */ = {
			isa = PBXFrameworksBuildPhase;
			buildActionMask = 2147483647;
			files = (
			);
			runOnlyForDeploymentPostprocessing = 0;
		};
		46B4351F1AE82D820084FB3C /* Frameworks */ = {
			isa = PBXFrameworksBuildPhase;
			buildActionMask = 2147483647;
			files = (
				46B435231AE82D820084FB3C /* Voronoi.framework in Frameworks */,
			);
			runOnlyForDeploymentPostprocessing = 0;
		};
/* End PBXFrameworksBuildPhase section */

/* Begin PBXGroup section */
		463B0D751AE7F03300E0E335 = {
			isa = PBXGroup;
			children = (
				463B0D801AE7F03300E0E335 /* VGen */,
				463B0D9A1AE7F03300E0E335 /* VGenTests */,
				46B435191AE82D820084FB3C /* Voronoi */,
				46B435281AE82D820084FB3C /* VoronoiTests */,
				463B0D7F1AE7F03300E0E335 /* Products */,
			);
			sourceTree = "<group>";
		};
		463B0D7F1AE7F03300E0E335 /* Products */ = {
			isa = PBXGroup;
			children = (
				463B0D7E1AE7F03300E0E335 /* VGen.app */,
				463B0D971AE7F03300E0E335 /* VGenTests.xctest */,
				46B435181AE82D820084FB3C /* Voronoi.framework */,
				46B435221AE82D820084FB3C /* VoronoiTests.xctest */,
			);
			name = Products;
			sourceTree = "<group>";
		};
		463B0D801AE7F03300E0E335 /* VGen */ = {
			isa = PBXGroup;
			children = (
				463B0D831AE7F03300E0E335 /* AppDelegate.swift */,
				463B0D8B1AE7F03300E0E335 /* Main.storyboard */,
				46B522241AE8385400DD136B /* VoronoiViewController.swift */,
				46B522261AE838A600DD136B /* VoronoiView.swift */,
				46B522281AE83D9600DD136B /* PointView.swift */,
				46B5222A1AE8411300DD136B /* EdgeView.swift */,
				463B0D8E1AE7F03300E0E335 /* Images.xcassets */,
				463B0D901AE7F03300E0E335 /* LaunchScreen.xib */,
				463B0D811AE7F03300E0E335 /* Supporting Files */,
			);
			path = VGen;
			sourceTree = "<group>";
		};
		463B0D811AE7F03300E0E335 /* Supporting Files */ = {
			isa = PBXGroup;
			children = (
				463B0D821AE7F03300E0E335 /* Info.plist */,
			);
			name = "Supporting Files";
			sourceTree = "<group>";
		};
		463B0D9A1AE7F03300E0E335 /* VGenTests */ = {
			isa = PBXGroup;
			children = (
				463B0D9D1AE7F03300E0E335 /* VGenTests.swift */,
				463B0D9B1AE7F03300E0E335 /* Supporting Files */,
			);
			path = VGenTests;
			sourceTree = "<group>";
		};
		463B0D9B1AE7F03300E0E335 /* Supporting Files */ = {
			isa = PBXGroup;
			children = (
				463B0D9C1AE7F03300E0E335 /* Info.plist */,
			);
			name = "Supporting Files";
			sourceTree = "<group>";
		};
		46B435191AE82D820084FB3C /* Voronoi */ = {
			isa = PBXGroup;
			children = (
				46B4351C1AE82D820084FB3C /* Voronoi.h */,
				46B435371AE82D9F0084FB3C /* Edge.swift */,
				46B435381AE82D9F0084FB3C /* Event.swift */,
				46B435391AE82D9F0084FB3C /* Parabola.swift */,
				46B4353A1AE82D9F0084FB3C /* Point.swift */,
				46B4353B1AE82D9F0084FB3C /* PriorityQueue.swift */,
				46B4353C1AE82D9F0084FB3C /* Voronoi.swift */,
				46B4351A1AE82D820084FB3C /* Supporting Files */,
			);
			path = Voronoi;
			sourceTree = "<group>";
		};
		46B4351A1AE82D820084FB3C /* Supporting Files */ = {
			isa = PBXGroup;
			children = (
				46B4351B1AE82D820084FB3C /* Info.plist */,
			);
			name = "Supporting Files";
			sourceTree = "<group>";
		};
		46B435281AE82D820084FB3C /* VoronoiTests */ = {
			isa = PBXGroup;
			children = (
				46B4352B1AE82D820084FB3C /* VoronoiTests.swift */,
				46B435291AE82D820084FB3C /* Supporting Files */,
			);
			path = VoronoiTests;
			sourceTree = "<group>";
		};
		46B435291AE82D820084FB3C /* Supporting Files */ = {
			isa = PBXGroup;
			children = (
				46B4352A1AE82D820084FB3C /* Info.plist */,
			);
			name = "Supporting Files";
			sourceTree = "<group>";
		};
/* End PBXGroup section */

/* Begin PBXHeadersBuildPhase section */
		46B435151AE82D820084FB3C /* Headers */ = {
			isa = PBXHeadersBuildPhase;
			buildActionMask = 2147483647;
			files = (
				46B4351D1AE82D820084FB3C /* Voronoi.h in Headers */,
			);
			runOnlyForDeploymentPostprocessing = 0;
		};
/* End PBXHeadersBuildPhase section */

/* Begin PBXNativeTarget section */
		463B0D7D1AE7F03300E0E335 /* VGen */ = {
			isa = PBXNativeTarget;
			buildConfigurationList = 463B0DA11AE7F03300E0E335 /* Build configuration list for PBXNativeTarget "VGen" */;
			buildPhases = (
				463B0D7A1AE7F03300E0E335 /* Sources */,
				463B0D7B1AE7F03300E0E335 /* Frameworks */,
				463B0D7C1AE7F03300E0E335 /* Resources */,
				463B0DC81AE7F03E00E0E335 /* Embed Frameworks */,
			);
			buildRules = (
			);
			dependencies = (
				46B4352E1AE82D820084FB3C /* PBXTargetDependency */,
			);
			name = VGen;
			productName = VGen;
			productReference = 463B0D7E1AE7F03300E0E335 /* VGen.app */;
			productType = "com.apple.product-type.application";
		};
		463B0D961AE7F03300E0E335 /* VGenTests */ = {
			isa = PBXNativeTarget;
			buildConfigurationList = 463B0DA41AE7F03300E0E335 /* Build configuration list for PBXNativeTarget "VGenTests" */;
			buildPhases = (
				463B0D931AE7F03300E0E335 /* Sources */,
				463B0D941AE7F03300E0E335 /* Frameworks */,
				463B0D951AE7F03300E0E335 /* Resources */,
			);
			buildRules = (
			);
			dependencies = (
				463B0D991AE7F03300E0E335 /* PBXTargetDependency */,
			);
			name = VGenTests;
			productName = VGenTests;
			productReference = 463B0D971AE7F03300E0E335 /* VGenTests.xctest */;
			productType = "com.apple.product-type.bundle.unit-test";
		};
		46B435171AE82D820084FB3C /* Voronoi */ = {
			isa = PBXNativeTarget;
			buildConfigurationList = 46B435311AE82D820084FB3C /* Build configuration list for PBXNativeTarget "Voronoi" */;
			buildPhases = (
				46B435131AE82D820084FB3C /* Sources */,
				46B435141AE82D820084FB3C /* Frameworks */,
				46B435151AE82D820084FB3C /* Headers */,
				46B435161AE82D820084FB3C /* Resources */,
			);
			buildRules = (
			);
			dependencies = (
			);
			name = Voronoi;
			productName = Voronoi;
			productReference = 46B435181AE82D820084FB3C /* Voronoi.framework */;
			productType = "com.apple.product-type.framework";
		};
		46B435211AE82D820084FB3C /* VoronoiTests */ = {
			isa = PBXNativeTarget;
			buildConfigurationList = 46B435341AE82D820084FB3C /* Build configuration list for PBXNativeTarget "VoronoiTests" */;
			buildPhases = (
				46B4351E1AE82D820084FB3C /* Sources */,
				46B4351F1AE82D820084FB3C /* Frameworks */,
				46B435201AE82D820084FB3C /* Resources */,
			);
			buildRules = (
			);
			dependencies = (
				46B435251AE82D820084FB3C /* PBXTargetDependency */,
				46B435271AE82D820084FB3C /* PBXTargetDependency */,
			);
			name = VoronoiTests;
			productName = VoronoiTests;
			productReference = 46B435221AE82D820084FB3C /* VoronoiTests.xctest */;
			productType = "com.apple.product-type.bundle.unit-test";
		};
/* End PBXNativeTarget section */

/* Begin PBXProject section */
		463B0D761AE7F03300E0E335 /* Project object */ = {
			isa = PBXProject;
			attributes = {
				LastUpgradeCheck = 0630;
				ORGANIZATIONNAME = "Carl Wieland";
				TargetAttributes = {
					463B0D7D1AE7F03300E0E335 = {
						CreatedOnToolsVersion = 6.3;
					};
					463B0D961AE7F03300E0E335 = {
						CreatedOnToolsVersion = 6.3;
						TestTargetID = 463B0D7D1AE7F03300E0E335;
					};
					46B435171AE82D820084FB3C = {
						CreatedOnToolsVersion = 6.3;
					};
					46B435211AE82D820084FB3C = {
						CreatedOnToolsVersion = 6.3;
						TestTargetID = 463B0D7D1AE7F03300E0E335;
					};
				};
			};
			buildConfigurationList = 463B0D791AE7F03300E0E335 /* Build configuration list for PBXProject "VGen" */;
			compatibilityVersion = "Xcode 3.2";
			developmentRegion = English;
			hasScannedForEncodings = 0;
			knownRegions = (
				en,
				Base,
			);
			mainGroup = 463B0D751AE7F03300E0E335;
			productRefGroup = 463B0D7F1AE7F03300E0E335 /* Products */;
			projectDirPath = "";
			projectRoot = "";
			targets = (
				463B0D7D1AE7F03300E0E335 /* VGen */,
				463B0D961AE7F03300E0E335 /* VGenTests */,
				46B435171AE82D820084FB3C /* Voronoi */,
				46B435211AE82D820084FB3C /* VoronoiTests */,
			);
		};
/* End PBXProject section */

/* Begin PBXResourcesBuildPhase section */
		463B0D7C1AE7F03300E0E335 /* Resources */ = {
			isa = PBXResourcesBuildPhase;
			buildActionMask = 2147483647;
			files = (
				463B0D921AE7F03300E0E335 /* LaunchScreen.xib in Resources */,
				463B0D8D1AE7F03300E0E335 /* Main.storyboard in Resources */,
				463B0D8F1AE7F03300E0E335 /* Images.xcassets in Resources */,
			);
			runOnlyForDeploymentPostprocessing = 0;
		};
		463B0D951AE7F03300E0E335 /* Resources */ = {
			isa = PBXResourcesBuildPhase;
			buildActionMask = 2147483647;
			files = (
			);
			runOnlyForDeploymentPostprocessing = 0;
		};
		46B435161AE82D820084FB3C /* Resources */ = {
			isa = PBXResourcesBuildPhase;
			buildActionMask = 2147483647;
			files = (
			);
			runOnlyForDeploymentPostprocessing = 0;
		};
		46B435201AE82D820084FB3C /* Resources */ = {
			isa = PBXResourcesBuildPhase;
			buildActionMask = 2147483647;
			files = (
			);
			runOnlyForDeploymentPostprocessing = 0;
		};
/* End PBXResourcesBuildPhase section */

/* Begin PBXSourcesBuildPhase section */
		463B0D7A1AE7F03300E0E335 /* Sources */ = {
			isa = PBXSourcesBuildPhase;
			buildActionMask = 2147483647;
			files = (
				46B522271AE838A600DD136B /* VoronoiView.swift in Sources */,
				463B0D841AE7F03300E0E335 /* AppDelegate.swift in Sources */,
				46B5222B1AE8411300DD136B /* EdgeView.swift in Sources */,
				46B522251AE8385400DD136B /* VoronoiViewController.swift in Sources */,
				46B522291AE83D9600DD136B /* PointView.swift in Sources */,
			);
			runOnlyForDeploymentPostprocessing = 0;
		};
		463B0D931AE7F03300E0E335 /* Sources */ = {
			isa = PBXSourcesBuildPhase;
			buildActionMask = 2147483647;
			files = (
				463B0D9E1AE7F03300E0E335 /* VGenTests.swift in Sources */,
			);
			runOnlyForDeploymentPostprocessing = 0;
		};
		46B435131AE82D820084FB3C /* Sources */ = {
			isa = PBXSourcesBuildPhase;
			buildActionMask = 2147483647;
			files = (
				46B435401AE82D9F0084FB3C /* Point.swift in Sources */,
				46B4353F1AE82D9F0084FB3C /* Parabola.swift in Sources */,
				46B435411AE82D9F0084FB3C /* PriorityQueue.swift in Sources */,
				46B4353E1AE82D9F0084FB3C /* Event.swift in Sources */,
				46B435421AE82D9F0084FB3C /* Voronoi.swift in Sources */,
				46B4353D1AE82D9F0084FB3C /* Edge.swift in Sources */,
			);
			runOnlyForDeploymentPostprocessing = 0;
		};
		46B4351E1AE82D820084FB3C /* Sources */ = {
			isa = PBXSourcesBuildPhase;
			buildActionMask = 2147483647;
			files = (
				46B4352C1AE82D820084FB3C /* VoronoiTests.swift in Sources */,
			);
			runOnlyForDeploymentPostprocessing = 0;
		};
/* End PBXSourcesBuildPhase section */

/* Begin PBXTargetDependency section */
		463B0D991AE7F03300E0E335 /* PBXTargetDependency */ = {
			isa = PBXTargetDependency;
			target = 463B0D7D1AE7F03300E0E335 /* VGen */;
			targetProxy = 463B0D981AE7F03300E0E335 /* PBXContainerItemProxy */;
		};
		46B435251AE82D820084FB3C /* PBXTargetDependency */ = {
			isa = PBXTargetDependency;
			target = 46B435171AE82D820084FB3C /* Voronoi */;
			targetProxy = 46B435241AE82D820084FB3C /* PBXContainerItemProxy */;
		};
		46B435271AE82D820084FB3C /* PBXTargetDependency */ = {
			isa = PBXTargetDependency;
			target = 463B0D7D1AE7F03300E0E335 /* VGen */;
			targetProxy = 46B435261AE82D820084FB3C /* PBXContainerItemProxy */;
		};
		46B4352E1AE82D820084FB3C /* PBXTargetDependency */ = {
			isa = PBXTargetDependency;
			target = 46B435171AE82D820084FB3C /* Voronoi */;
			targetProxy = 46B4352D1AE82D820084FB3C /* PBXContainerItemProxy */;
		};
/* End PBXTargetDependency section */

/* Begin PBXVariantGroup section */
		463B0D8B1AE7F03300E0E335 /* Main.storyboard */ = {
			isa = PBXVariantGroup;
			children = (
				463B0D8C1AE7F03300E0E335 /* Base */,
			);
			name = Main.storyboard;
			sourceTree = "<group>";
		};
		463B0D901AE7F03300E0E335 /* LaunchScreen.xib */ = {
			isa = PBXVariantGroup;
			children = (
				463B0D911AE7F03300E0E335 /* Base */,
			);
			name = LaunchScreen.xib;
			sourceTree = "<group>";
		};
/* End PBXVariantGroup section */

/* Begin XCBuildConfiguration section */
		463B0D9F1AE7F03300E0E335 /* Debug */ = {
			isa = XCBuildConfiguration;
			buildSettings = {
				ALWAYS_SEARCH_USER_PATHS = NO;
				CLANG_CXX_LANGUAGE_STANDARD = "gnu++0x";
				CLANG_CXX_LIBRARY = "libc++";
				CLANG_ENABLE_MODULES = YES;
				CLANG_ENABLE_OBJC_ARC = YES;
				CLANG_WARN_BOOL_CONVERSION = YES;
				CLANG_WARN_CONSTANT_CONVERSION = YES;
				CLANG_WARN_DIRECT_OBJC_ISA_USAGE = YES_ERROR;
				CLANG_WARN_EMPTY_BODY = YES;
				CLANG_WARN_ENUM_CONVERSION = YES;
				CLANG_WARN_INT_CONVERSION = YES;
				CLANG_WARN_OBJC_ROOT_CLASS = YES_ERROR;
				CLANG_WARN_UNREACHABLE_CODE = YES;
				CLANG_WARN__DUPLICATE_METHOD_MATCH = YES;
				"CODE_SIGN_IDENTITY[sdk=iphoneos*]" = "iPhone Developer";
				COPY_PHASE_STRIP = NO;
				DEBUG_INFORMATION_FORMAT = "dwarf-with-dsym";
				ENABLE_STRICT_OBJC_MSGSEND = YES;
				GCC_C_LANGUAGE_STANDARD = gnu99;
				GCC_DYNAMIC_NO_PIC = NO;
				GCC_NO_COMMON_BLOCKS = YES;
				GCC_OPTIMIZATION_LEVEL = 0;
				GCC_PREPROCESSOR_DEFINITIONS = (
					"DEBUG=1",
					"$(inherited)",
				);
				GCC_SYMBOLS_PRIVATE_EXTERN = NO;
				GCC_WARN_64_TO_32_BIT_CONVERSION = YES;
				GCC_WARN_ABOUT_RETURN_TYPE = YES_ERROR;
				GCC_WARN_UNDECLARED_SELECTOR = YES;
				GCC_WARN_UNINITIALIZED_AUTOS = YES_AGGRESSIVE;
				GCC_WARN_UNUSED_FUNCTION = YES;
				GCC_WARN_UNUSED_VARIABLE = YES;
				IPHONEOS_DEPLOYMENT_TARGET = 8.3;
				MTL_ENABLE_DEBUG_INFO = YES;
				ONLY_ACTIVE_ARCH = YES;
				SDKROOT = iphoneos;
				SWIFT_OPTIMIZATION_LEVEL = "-Onone";
				TARGETED_DEVICE_FAMILY = "1,2";
			};
			name = Debug;
		};
		463B0DA01AE7F03300E0E335 /* Release */ = {
			isa = XCBuildConfiguration;
			buildSettings = {
				ALWAYS_SEARCH_USER_PATHS = NO;
				CLANG_CXX_LANGUAGE_STANDARD = "gnu++0x";
				CLANG_CXX_LIBRARY = "libc++";
				CLANG_ENABLE_MODULES = YES;
				CLANG_ENABLE_OBJC_ARC = YES;
				CLANG_WARN_BOOL_CONVERSION = YES;
				CLANG_WARN_CONSTANT_CONVERSION = YES;
				CLANG_WARN_DIRECT_OBJC_ISA_USAGE = YES_ERROR;
				CLANG_WARN_EMPTY_BODY = YES;
				CLANG_WARN_ENUM_CONVERSION = YES;
				CLANG_WARN_INT_CONVERSION = YES;
				CLANG_WARN_OBJC_ROOT_CLASS = YES_ERROR;
				CLANG_WARN_UNREACHABLE_CODE = YES;
				CLANG_WARN__DUPLICATE_METHOD_MATCH = YES;
				"CODE_SIGN_IDENTITY[sdk=iphoneos*]" = "iPhone Developer";
				COPY_PHASE_STRIP = NO;
				DEBUG_INFORMATION_FORMAT = "dwarf-with-dsym";
				ENABLE_NS_ASSERTIONS = NO;
				ENABLE_STRICT_OBJC_MSGSEND = YES;
				GCC_C_LANGUAGE_STANDARD = gnu99;
				GCC_NO_COMMON_BLOCKS = YES;
				GCC_WARN_64_TO_32_BIT_CONVERSION = YES;
				GCC_WARN_ABOUT_RETURN_TYPE = YES_ERROR;
				GCC_WARN_UNDECLARED_SELECTOR = YES;
				GCC_WARN_UNINITIALIZED_AUTOS = YES_AGGRESSIVE;
				GCC_WARN_UNUSED_FUNCTION = YES;
				GCC_WARN_UNUSED_VARIABLE = YES;
				IPHONEOS_DEPLOYMENT_TARGET = 8.3;
				MTL_ENABLE_DEBUG_INFO = NO;
				SDKROOT = iphoneos;
				TARGETED_DEVICE_FAMILY = "1,2";
				VALIDATE_PRODUCT = YES;
			};
			name = Release;
		};
		463B0DA21AE7F03300E0E335 /* Debug */ = {
			isa = XCBuildConfiguration;
			buildSettings = {
				ASSETCATALOG_COMPILER_APPICON_NAME = AppIcon;
				INFOPLIST_FILE = VGen/Info.plist;
				LD_RUNPATH_SEARCH_PATHS = "$(inherited) @executable_path/Frameworks";
				PRODUCT_NAME = "$(TARGET_NAME)";
			};
			name = Debug;
		};
		463B0DA31AE7F03300E0E335 /* Release */ = {
			isa = XCBuildConfiguration;
			buildSettings = {
				ASSETCATALOG_COMPILER_APPICON_NAME = AppIcon;
				INFOPLIST_FILE = VGen/Info.plist;
				LD_RUNPATH_SEARCH_PATHS = "$(inherited) @executable_path/Frameworks";
				PRODUCT_NAME = "$(TARGET_NAME)";
			};
			name = Release;
		};
		463B0DA51AE7F03300E0E335 /* Debug */ = {
			isa = XCBuildConfiguration;
			buildSettings = {
				BUNDLE_LOADER = "$(TEST_HOST)";
				FRAMEWORK_SEARCH_PATHS = (
					"$(SDKROOT)/Developer/Library/Frameworks",
					"$(inherited)",
				);
				GCC_PREPROCESSOR_DEFINITIONS = (
					"DEBUG=1",
					"$(inherited)",
				);
				INFOPLIST_FILE = VGenTests/Info.plist;
				LD_RUNPATH_SEARCH_PATHS = "$(inherited) @executable_path/Frameworks @loader_path/Frameworks";
				PRODUCT_NAME = "$(TARGET_NAME)";
				TEST_HOST = "$(BUILT_PRODUCTS_DIR)/VGen.app/VGen";
			};
			name = Debug;
		};
		463B0DA61AE7F03300E0E335 /* Release */ = {
			isa = XCBuildConfiguration;
			buildSettings = {
				BUNDLE_LOADER = "$(TEST_HOST)";
				FRAMEWORK_SEARCH_PATHS = (
					"$(SDKROOT)/Developer/Library/Frameworks",
					"$(inherited)",
				);
				INFOPLIST_FILE = VGenTests/Info.plist;
				LD_RUNPATH_SEARCH_PATHS = "$(inherited) @executable_path/Frameworks @loader_path/Frameworks";
				PRODUCT_NAME = "$(TARGET_NAME)";
				TEST_HOST = "$(BUILT_PRODUCTS_DIR)/VGen.app/VGen";
			};
			name = Release;
		};
		46B435321AE82D820084FB3C /* Debug */ = {
			isa = XCBuildConfiguration;
			buildSettings = {
				CLANG_ENABLE_MODULES = YES;
				CURRENT_PROJECT_VERSION = 1;
				DEFINES_MODULE = YES;
				DYLIB_COMPATIBILITY_VERSION = 1;
				DYLIB_CURRENT_VERSION = 1;
				DYLIB_INSTALL_NAME_BASE = "@rpath";
				GCC_PREPROCESSOR_DEFINITIONS = (
					"DEBUG=1",
					"$(inherited)",
				);
				INFOPLIST_FILE = Voronoi/Info.plist;
				INSTALL_PATH = "$(LOCAL_LIBRARY_DIR)/Frameworks";
				LD_RUNPATH_SEARCH_PATHS = "$(inherited) @executable_path/Frameworks @loader_path/Frameworks";
				PRODUCT_NAME = "$(TARGET_NAME)";
				SKIP_INSTALL = YES;
				SWIFT_OPTIMIZATION_LEVEL = "-Onone";
				VERSIONING_SYSTEM = "apple-generic";
				VERSION_INFO_PREFIX = "";
			};
			name = Debug;
		};
		46B435331AE82D820084FB3C /* Release */ = {
			isa = XCBuildConfiguration;
			buildSettings = {
				CLANG_ENABLE_MODULES = YES;
				CURRENT_PROJECT_VERSION = 1;
				DEFINES_MODULE = YES;
				DYLIB_COMPATIBILITY_VERSION = 1;
				DYLIB_CURRENT_VERSION = 1;
				DYLIB_INSTALL_NAME_BASE = "@rpath";
				INFOPLIST_FILE = Voronoi/Info.plist;
				INSTALL_PATH = "$(LOCAL_LIBRARY_DIR)/Frameworks";
				LD_RUNPATH_SEARCH_PATHS = "$(inherited) @executable_path/Frameworks @loader_path/Frameworks";
				PRODUCT_NAME = "$(TARGET_NAME)";
				SKIP_INSTALL = YES;
				VERSIONING_SYSTEM = "apple-generic";
				VERSION_INFO_PREFIX = "";
			};
			name = Release;
		};
		46B435351AE82D820084FB3C /* Debug */ = {
			isa = XCBuildConfiguration;
			buildSettings = {
				FRAMEWORK_SEARCH_PATHS = (
					"$(SDKROOT)/Developer/Library/Frameworks",
					"$(inherited)",
				);
				GCC_PREPROCESSOR_DEFINITIONS = (
					"DEBUG=1",
					"$(inherited)",
				);
				INFOPLIST_FILE = VoronoiTests/Info.plist;
				LD_RUNPATH_SEARCH_PATHS = "$(inherited) @executable_path/Frameworks @loader_path/Frameworks";
				PRODUCT_NAME = "$(TARGET_NAME)";
				TEST_HOST = "$(BUILT_PRODUCTS_DIR)/VGen.app/VGen";
			};
			name = Debug;
		};
		46B435361AE82D820084FB3C /* Release */ = {
			isa = XCBuildConfiguration;
			buildSettings = {
				FRAMEWORK_SEARCH_PATHS = (
					"$(SDKROOT)/Developer/Library/Frameworks",
					"$(inherited)",
				);
				INFOPLIST_FILE = VoronoiTests/Info.plist;
				LD_RUNPATH_SEARCH_PATHS = "$(inherited) @executable_path/Frameworks @loader_path/Frameworks";
				PRODUCT_NAME = "$(TARGET_NAME)";
				TEST_HOST = "$(BUILT_PRODUCTS_DIR)/VGen.app/VGen";
			};
			name = Release;
		};
/* End XCBuildConfiguration section */

/* Begin XCConfigurationList section */
		463B0D791AE7F03300E0E335 /* Build configuration list for PBXProject "VGen" */ = {
			isa = XCConfigurationList;
			buildConfigurations = (
				463B0D9F1AE7F03300E0E335 /* Debug */,
				463B0DA01AE7F03300E0E335 /* Release */,
			);
			defaultConfigurationIsVisible = 0;
			defaultConfigurationName = Release;
		};
		463B0DA11AE7F03300E0E335 /* Build configuration list for PBXNativeTarget "VGen" */ = {
			isa = XCConfigurationList;
			buildConfigurations = (
				463B0DA21AE7F03300E0E335 /* Debug */,
				463B0DA31AE7F03300E0E335 /* Release */,
			);
			defaultConfigurationIsVisible = 0;
			defaultConfigurationName = Release;
		};
		463B0DA41AE7F03300E0E335 /* Build configuration list for PBXNativeTarget "VGenTests" */ = {
			isa = XCConfigurationList;
			buildConfigurations = (
				463B0DA51AE7F03300E0E335 /* Debug */,
				463B0DA61AE7F03300E0E335 /* Release */,
			);
			defaultConfigurationIsVisible = 0;
			defaultConfigurationName = Release;
		};
		46B435311AE82D820084FB3C /* Build configuration list for PBXNativeTarget "Voronoi" */ = {
			isa = XCConfigurationList;
			buildConfigurations = (
				46B435321AE82D820084FB3C /* Debug */,
				46B435331AE82D820084FB3C /* Release */,
			);
			defaultConfigurationIsVisible = 0;
			defaultConfigurationName = Release;
		};
		46B435341AE82D820084FB3C /* Build configuration list for PBXNativeTarget "VoronoiTests" */ = {
			isa = XCConfigurationList;
			buildConfigurations = (
				46B435351AE82D820084FB3C /* Debug */,
				46B435361AE82D820084FB3C /* Release */,
			);
			defaultConfigurationIsVisible = 0;
			defaultConfigurationName = Release;
		};
/* End XCConfigurationList section */
	};
	rootObject = 463B0D761AE7F03300E0E335 /* Project object */;
}
